
Microsoft Visual Studio Solution File, Format Version 12.00
# Visual Studio Version 17
VisualStudioVersion = 17.10.35013.160
MinimumVisualStudioVersion = 10.0.40219.1
Project("{FAE04EC0-301F-11D3-BF4B-00C04F79EFBC}") = "BitotecaApi", "BitotecaApi\BitotecaApi.csproj", "{2C2E3EE5-99D0-473E-8C70-A1236BA472CB}"
EndProject
Global
	GlobalSection(SolutionConfigurationPlatforms) = preSolution
		Debug|Any CPU = Debug|Any CPU
		Release|Any CPU = Release|Any CPU
	EndGlobalSection
	GlobalSection(ProjectConfigurationPlatforms) = postSolution
		{2C2E3EE5-99D0-473E-8C70-A1236BA472CB}.Debug|Any CPU.ActiveCfg = Debug|Any CPU
		{2C2E3EE5-99D0-473E-8C70-A1236BA472CB}.Debug|Any CPU.Build.0 = Debug|Any CPU
		{2C2E3EE5-99D0-473E-8C70-A1236BA472CB}.Release|Any CPU.ActiveCfg = Release|Any CPU
		{2C2E3EE5-99D0-473E-8C70-A1236BA472CB}.Release|Any CPU.Build.0 = Release|Any CPU
	EndGlobalSection
	GlobalSection(SolutionProperties) = preSolution
		HideSolutionNode = FALSE
	EndGlobalSection
	GlobalSection(ExtensibilityGlobals) = postSolution
		SolutionGuid = {78761D3B-51F5-414E-81B1-497EA9935B46}
	EndGlobalSection
EndGlobal
